
Microsoft Visual Studio Solution File, Format Version 12.00
# Visual Studio Version 17
VisualStudioVersion = 17.1.32210.238
MinimumVisualStudioVersion = 10.0.40219.1
Project("{FAE04EC0-301F-11D3-BF4B-00C04F79EFBC}") = "WangBowen1225Project3CLSApp", "WangBowen1225Project3CLSApp\WangBowen1225Project3CLSApp.csproj", "{D36F7DF5-5BEF-45E9-B4CB-528F303C49A4}"
EndProject
Global
	GlobalSection(SolutionConfigurationPlatforms) = preSolution
		Debug|Any CPU = Debug|Any CPU
		Release|Any CPU = Release|Any CPU
	EndGlobalSection
	GlobalSection(ProjectConfigurationPlatforms) = postSolution
		{D36F7DF5-5BEF-45E9-B4CB-528F303C49A4}.Debug|Any CPU.ActiveCfg = Debug|Any CPU
		{D36F7DF5-5BEF-45E9-B4CB-528F303C49A4}.Debug|Any CPU.Build.0 = Debug|Any CPU
		{D36F7DF5-5BEF-45E9-B4CB-528F303C49A4}.Release|Any CPU.ActiveCfg = Release|Any CPU
		{D36F7DF5-5BEF-45E9-B4CB-528F303C49A4}.Release|Any CPU.Build.0 = Release|Any CPU
	EndGlobalSection
	GlobalSection(SolutionProperties) = preSolution
		HideSolutionNode = FALSE
	EndGlobalSection
	GlobalSection(ExtensibilityGlobals) = postSolution
		SolutionGuid = {BCF69B58-7385-47C5-AA16-801C3B7E92D9}
	EndGlobalSection
EndGlobal
